
Microsoft Visual Studio Solution File, Format Version 12.00
# Visual Studio for Mac
Project("{FAE04EC0-301F-11D3-BF4B-00C04F79EFBC}") = "Assembly-CSharp", "Assembly-CSharp.csproj", "{E2187871-EE3C-AE6C-8E1B-0EA97AF3A75E}"
EndProject
Project("{FAE04EC0-301F-11D3-BF4B-00C04F79EFBC}") = "Assembly-CSharp-firstpass", "Assembly-CSharp-firstpass.csproj", "{33EEF253-C760-53CD-879E-BCB483E6E9D4}"
EndProject
Project("{FAE04EC0-301F-11D3-BF4B-00C04F79EFBC}") = "Assembly-CSharp-Editor", "Assembly-CSharp-Editor.csproj", "{62E6D617-1B01-C13F-684C-1296B135BB32}"
EndProject
Project("{FAE04EC0-301F-11D3-BF4B-00C04F79EFBC}") = "Assembly-CSharp-Editor-firstpass", "Assembly-CSharp-Editor-firstpass.csproj", "{DEE83B88-E0E7-52B9-3C0F-6D57E3BC3390}"
EndProject
Global
	GlobalSection(SolutionConfigurationPlatforms) = preSolution
		Debug|Any CPU = Debug|Any CPU
		Release|Any CPU = Release|Any CPU
	EndGlobalSection
	GlobalSection(ProjectConfigurationPlatforms) = postSolution
		{E2187871-EE3C-AE6C-8E1B-0EA97AF3A75E}.Debug|Any CPU.ActiveCfg = Debug|Any CPU
		{E2187871-EE3C-AE6C-8E1B-0EA97AF3A75E}.Debug|Any CPU.Build.0 = Debug|Any CPU
		{E2187871-EE3C-AE6C-8E1B-0EA97AF3A75E}.Release|Any CPU.ActiveCfg = Release|Any CPU
		{E2187871-EE3C-AE6C-8E1B-0EA97AF3A75E}.Release|Any CPU.Build.0 = Release|Any CPU
		{33EEF253-C760-53CD-879E-BCB483E6E9D4}.Debug|Any CPU.ActiveCfg = Debug|Any CPU
		{33EEF253-C760-53CD-879E-BCB483E6E9D4}.Debug|Any CPU.Build.0 = Debug|Any CPU
		{33EEF253-C760-53CD-879E-BCB483E6E9D4}.Release|Any CPU.ActiveCfg = Release|Any CPU
		{33EEF253-C760-53CD-879E-BCB483E6E9D4}.Release|Any CPU.Build.0 = Release|Any CPU
		{62E6D617-1B01-C13F-684C-1296B135BB32}.Debug|Any CPU.ActiveCfg = Debug|Any CPU
		{62E6D617-1B01-C13F-684C-1296B135BB32}.Debug|Any CPU.Build.0 = Debug|Any CPU
		{62E6D617-1B01-C13F-684C-1296B135BB32}.Release|Any CPU.ActiveCfg = Release|Any CPU
		{62E6D617-1B01-C13F-684C-1296B135BB32}.Release|Any CPU.Build.0 = Release|Any CPU
		{DEE83B88-E0E7-52B9-3C0F-6D57E3BC3390}.Debug|Any CPU.ActiveCfg = Debug|Any CPU
		{DEE83B88-E0E7-52B9-3C0F-6D57E3BC3390}.Debug|Any CPU.Build.0 = Debug|Any CPU
		{DEE83B88-E0E7-52B9-3C0F-6D57E3BC3390}.Release|Any CPU.ActiveCfg = Release|Any CPU
		{DEE83B88-E0E7-52B9-3C0F-6D57E3BC3390}.Release|Any CPU.Build.0 = Release|Any CPU
	EndGlobalSection
	GlobalSection(SolutionProperties) = preSolution
		HideSolutionNode = FALSE
	EndGlobalSection
EndGlobal
